
Microsoft Visual Studio Solution File, Format Version 12.00
# Visual Studio Version 17
VisualStudioVersion = 17.11.35312.102
MinimumVisualStudioVersion = 10.0.40219.1
Project("{FAE04EC0-301F-11D3-BF4B-00C04F79EFBC}") = "StringCompression", "StringCompression.csproj", "{5A741A1C-70EB-401B-86FC-8ECEE0755F14}"
EndProject
Global
	GlobalSection(SolutionConfigurationPlatforms) = preSolution
		Debug|Any CPU = Debug|Any CPU
		Release|Any CPU = Release|Any CPU
	EndGlobalSection
	GlobalSection(ProjectConfigurationPlatforms) = postSolution
		{5A741A1C-70EB-401B-86FC-8ECEE0755F14}.Debug|Any CPU.ActiveCfg = Debug|Any CPU
		{5A741A1C-70EB-401B-86FC-8ECEE0755F14}.Debug|Any CPU.Build.0 = Debug|Any CPU
		{5A741A1C-70EB-401B-86FC-8ECEE0755F14}.Release|Any CPU.ActiveCfg = Release|Any CPU
		{5A741A1C-70EB-401B-86FC-8ECEE0755F14}.Release|Any CPU.Build.0 = Release|Any CPU
	EndGlobalSection
	GlobalSection(SolutionProperties) = preSolution
		HideSolutionNode = FALSE
	EndGlobalSection
	GlobalSection(ExtensibilityGlobals) = postSolution
		SolutionGuid = {6D776003-1092-4EE8-8159-4A09E57A2B6E}
	EndGlobalSection
EndGlobal
