
Microsoft Visual Studio Solution File, Format Version 12.00
# Visual Studio Version 17
VisualStudioVersion = 17.11.35312.102
MinimumVisualStudioVersion = 10.0.40219.1
Project("{FAE04EC0-301F-11D3-BF4B-00C04F79EFBC}") = "Factorial", "Factorial.csproj", "{E247BF06-21BE-408C-A4C6-CFF5D1F4E4B1}"
EndProject
Global
	GlobalSection(SolutionConfigurationPlatforms) = preSolution
		Debug|Any CPU = Debug|Any CPU
		Release|Any CPU = Release|Any CPU
	EndGlobalSection
	GlobalSection(ProjectConfigurationPlatforms) = postSolution
		{E247BF06-21BE-408C-A4C6-CFF5D1F4E4B1}.Debug|Any CPU.ActiveCfg = Debug|Any CPU
		{E247BF06-21BE-408C-A4C6-CFF5D1F4E4B1}.Debug|Any CPU.Build.0 = Debug|Any CPU
		{E247BF06-21BE-408C-A4C6-CFF5D1F4E4B1}.Release|Any CPU.ActiveCfg = Release|Any CPU
		{E247BF06-21BE-408C-A4C6-CFF5D1F4E4B1}.Release|Any CPU.Build.0 = Release|Any CPU
	EndGlobalSection
	GlobalSection(SolutionProperties) = preSolution
		HideSolutionNode = FALSE
	EndGlobalSection
	GlobalSection(ExtensibilityGlobals) = postSolution
		SolutionGuid = {F745CB6A-0CBA-4943-81D1-95EA57FC8A1B}
	EndGlobalSection
EndGlobal
