
Microsoft Visual Studio Solution File, Format Version 12.00
# Visual Studio Version 17
VisualStudioVersion = 17.11.35312.102
MinimumVisualStudioVersion = 10.0.40219.1
Project("{FAE04EC0-301F-11D3-BF4B-00C04F79EFBC}") = "FizzBuzz", "FizzBuzz.csproj", "{76B6015D-2982-4C91-B45F-A9BA74058907}"
EndProject
Global
	GlobalSection(SolutionConfigurationPlatforms) = preSolution
		Debug|Any CPU = Debug|Any CPU
		Release|Any CPU = Release|Any CPU
	EndGlobalSection
	GlobalSection(ProjectConfigurationPlatforms) = postSolution
		{76B6015D-2982-4C91-B45F-A9BA74058907}.Debug|Any CPU.ActiveCfg = Debug|Any CPU
		{76B6015D-2982-4C91-B45F-A9BA74058907}.Debug|Any CPU.Build.0 = Debug|Any CPU
		{76B6015D-2982-4C91-B45F-A9BA74058907}.Release|Any CPU.ActiveCfg = Release|Any CPU
		{76B6015D-2982-4C91-B45F-A9BA74058907}.Release|Any CPU.Build.0 = Release|Any CPU
	EndGlobalSection
	GlobalSection(SolutionProperties) = preSolution
		HideSolutionNode = FALSE
	EndGlobalSection
	GlobalSection(ExtensibilityGlobals) = postSolution
		SolutionGuid = {B265FD7B-8823-49B6-AC5B-4D76EE52851E}
	EndGlobalSection
EndGlobal
