
Microsoft Visual Studio Solution File, Format Version 12.00
# Visual Studio Version 17
VisualStudioVersion = 17.11.35312.102
MinimumVisualStudioVersion = 10.0.40219.1
Project("{FAE04EC0-301F-11D3-BF4B-00C04F79EFBC}") = "PalindromeNumber", "PalindromeNumber.csproj", "{5E8E8268-E2D6-41A9-B1C4-C2FE858F30D2}"
EndProject
Global
	GlobalSection(SolutionConfigurationPlatforms) = preSolution
		Debug|Any CPU = Debug|Any CPU
		Release|Any CPU = Release|Any CPU
	EndGlobalSection
	GlobalSection(ProjectConfigurationPlatforms) = postSolution
		{5E8E8268-E2D6-41A9-B1C4-C2FE858F30D2}.Debug|Any CPU.ActiveCfg = Debug|Any CPU
		{5E8E8268-E2D6-41A9-B1C4-C2FE858F30D2}.Debug|Any CPU.Build.0 = Debug|Any CPU
		{5E8E8268-E2D6-41A9-B1C4-C2FE858F30D2}.Release|Any CPU.ActiveCfg = Release|Any CPU
		{5E8E8268-E2D6-41A9-B1C4-C2FE858F30D2}.Release|Any CPU.Build.0 = Release|Any CPU
	EndGlobalSection
	GlobalSection(SolutionProperties) = preSolution
		HideSolutionNode = FALSE
	EndGlobalSection
	GlobalSection(ExtensibilityGlobals) = postSolution
		SolutionGuid = {77588FD3-F6F3-4B92-9B04-9F7145BFEC95}
	EndGlobalSection
EndGlobal
