
Microsoft Visual Studio Solution File, Format Version 12.00
# Visual Studio Version 17
VisualStudioVersion = 17.11.35312.102
MinimumVisualStudioVersion = 10.0.40219.1
Project("{FAE04EC0-301F-11D3-BF4B-00C04F79EFBC}") = "PalindromeChecker", "PalindromeChecker.csproj", "{D11EBF2F-DEBC-44E1-9DAE-0D99B8577391}"
EndProject
Global
	GlobalSection(SolutionConfigurationPlatforms) = preSolution
		Debug|Any CPU = Debug|Any CPU
		Release|Any CPU = Release|Any CPU
	EndGlobalSection
	GlobalSection(ProjectConfigurationPlatforms) = postSolution
		{D11EBF2F-DEBC-44E1-9DAE-0D99B8577391}.Debug|Any CPU.ActiveCfg = Debug|Any CPU
		{D11EBF2F-DEBC-44E1-9DAE-0D99B8577391}.Debug|Any CPU.Build.0 = Debug|Any CPU
		{D11EBF2F-DEBC-44E1-9DAE-0D99B8577391}.Release|Any CPU.ActiveCfg = Release|Any CPU
		{D11EBF2F-DEBC-44E1-9DAE-0D99B8577391}.Release|Any CPU.Build.0 = Release|Any CPU
	EndGlobalSection
	GlobalSection(SolutionProperties) = preSolution
		HideSolutionNode = FALSE
	EndGlobalSection
	GlobalSection(ExtensibilityGlobals) = postSolution
		SolutionGuid = {4F3B772E-93F1-4E1B-9CCB-E17F4EEBC935}
	EndGlobalSection
EndGlobal
